// !$*UTF8*$!
{
	archiveVersion = 1;
	classes = {
	};
	objectVersion = 46;
	objects = {

/* Begin PBXBuildFile section */
		D50A34421BB99125003069DE /* AppDelegate.swift in Sources */ = {isa = PBXBuildFile; fileRef = D50A34411BB99125003069DE /* AppDelegate.swift */; };
		D50A34441BB99125003069DE /* ViewController.swift in Sources */ = {isa = PBXBuildFile; fileRef = D50A34431BB99125003069DE /* ViewController.swift */; };
		D50A34471BB99125003069DE /* Main.storyboard in Resources */ = {isa = PBXBuildFile; fileRef = D50A34451BB99125003069DE /* Main.storyboard */; };
		D50A34491BB99125003069DE /* Assets.xcassets in Resources */ = {isa = PBXBuildFile; fileRef = D50A34481BB99125003069DE /* Assets.xcassets */; };
		D50A344C1BB99125003069DE /* LaunchScreen.storyboard in Resources */ = {isa = PBXBuildFile; fileRef = D50A344A1BB99125003069DE /* LaunchScreen.storyboard */; };
		D50A34571BB99125003069DE /* CalculatorTests.swift in Sources */ = {isa = PBXBuildFile; fileRef = D50A34561BB99125003069DE /* CalculatorTests.swift */; };
		D50A34621BB99125003069DE /* CalculatorUITests.swift in Sources */ = {isa = PBXBuildFile; fileRef = D50A34611BB99125003069DE /* CalculatorUITests.swift */; };
/* End PBXBuildFile section */

/* Begin PBXContainerItemProxy section */
		D50A34531BB99125003069DE /* PBXContainerItemProxy */ = {
			isa = PBXContainerItemProxy;
			containerPortal = D50A34361BB99125003069DE /* Project object */;
			proxyType = 1;
			remoteGlobalIDString = D50A343D1BB99125003069DE;
			remoteInfo = Calculator;
		};
		D50A345E1BB99125003069DE /* PBXContainerItemProxy */ = {
			isa = PBXContainerItemProxy;
			containerPortal = D50A34361BB99125003069DE /* Project object */;
			proxyType = 1;
			remoteGlobalIDString = D50A343D1BB99125003069DE;
			remoteInfo = Calculator;
		};
/* End PBXContainerItemProxy section */

/* Begin PBXFileReference section */
		D50A343E1BB99125003069DE /* Calculator.app */ = {isa = PBXFileReference; explicitFileType = wrapper.application; includeInIndex = 0; path = Calculator.app; sourceTree = BUILT_PRODUCTS_DIR; };
		D50A34411BB99125003069DE /* AppDelegate.swift */ = {isa = PBXFileReference; lastKnownFileType = sourcecode.swift; path = AppDelegate.swift; sourceTree = "<group>"; };
		D50A34431BB99125003069DE /* ViewController.swift */ = {isa = PBXFileReference; lastKnownFileType = sourcecode.swift; path = ViewController.swift; sourceTree = "<group>"; };
		D50A34461BB99125003069DE /* Base */ = {isa = PBXFileReference; lastKnownFileType = file.storyboard; name = Base; path = Base.lproj/Main.storyboard; sourceTree = "<group>"; };
		D50A34481BB99125003069DE /* Assets.xcassets */ = {isa = PBXFileReference; lastKnownFileType = folder.assetcatalog; path = Assets.xcassets; sourceTree = "<group>"; };
		D50A344B1BB99125003069DE /* Base */ = {isa = PBXFileReference; lastKnownFileType = file.storyboard; name = Base; path = Base.lproj/LaunchScreen.storyboard; sourceTree = "<group>"; };
		D50A344D1BB99125003069DE /* Info.plist */ = {isa = PBXFileReference; lastKnownFileType = text.plist.xml; path = Info.plist; sourceTree = "<group>"; };
		D50A34521BB99125003069DE /* CalculatorTests.xctest */ = {isa = PBXFileReference; explicitFileType = wrapper.cfbundle; includeInIndex = 0; path = CalculatorTests.xctest; sourceTree = BUILT_PRODUCTS_DIR; };
		D50A34561BB99125003069DE /* CalculatorTests.swift */ = {isa = PBXFileReference; lastKnownFileType = sourcecode.swift; path = CalculatorTests.swift; sourceTree = "<group>"; };
		D50A34581BB99125003069DE /* Info.plist */ = {isa = PBXFileReference; lastKnownFileType = text.plist.xml; path = Info.plist; sourceTree = "<group>"; };
		D50A345D1BB99125003069DE /* CalculatorUITests.xctest */ = {isa = PBXFileReference; explicitFileType = wrapper.cfbundle; includeInIndex = 0; path = CalculatorUITests.xctest; sourceTree = BUILT_PRODUCTS_DIR; };
		D50A34611BB99125003069DE /* CalculatorUITests.swift */ = {isa = PBXFileReference; lastKnownFileType = sourcecode.swift; path = CalculatorUITests.swift; sourceTree = "<group>"; };
		D50A34631BB99125003069DE /* Info.plist */ = {isa = PBXFileReference; lastKnownFileType = text.plist.xml; path = Info.plist; sourceTree = "<group>"; };
/* End PBXFileReference section */

/* Begin PBXFrameworksBuildPhase section */
		D50A343B1BB99125003069DE /* Frameworks */ = {
			isa = PBXFrameworksBuildPhase;
			buildActionMask = 2147483647;
			files = (
			);
			runOnlyForDeploymentPostprocessing = 0;
		};
		D50A344F1BB99125003069DE /* Frameworks */ = {
			isa = PBXFrameworksBuildPhase;
			buildActionMask = 2147483647;
			files = (
			);
			runOnlyForDeploymentPostprocessing = 0;
		};
		D50A345A1BB99125003069DE /* Frameworks */ = {
			isa = PBXFrameworksBuildPhase;
			buildActionMask = 2147483647;
			files = (
			);
			runOnlyForDeploymentPostprocessing = 0;
		};
/* End PBXFrameworksBuildPhase section */

/* Begin PBXGroup section */
		D50A34351BB99125003069DE = {
			isa = PBXGroup;
			children = (
				D50A34401BB99125003069DE /* Calculator */,
				D50A34551BB99125003069DE /* CalculatorTests */,
				D50A34601BB99125003069DE /* CalculatorUITests */,
				D50A343F1BB99125003069DE /* Products */,
			);
			sourceTree = "<group>";
		};
		D50A343F1BB99125003069DE /* Products */ = {
			isa = PBXGroup;
			children = (
				D50A343E1BB99125003069DE /* Calculator.app */,
				D50A34521BB99125003069DE /* CalculatorTests.xctest */,
				D50A345D1BB99125003069DE /* CalculatorUITests.xctest */,
			);
			name = Products;
			sourceTree = "<group>";
		};
		D50A34401BB99125003069DE /* Calculator */ = {
			isa = PBXGroup;
			children = (
				D50A34411BB99125003069DE /* AppDelegate.swift */,
				D50A34431BB99125003069DE /* ViewController.swift */,
				D50A34451BB99125003069DE /* Main.storyboard */,
				D50A34481BB99125003069DE /* Assets.xcassets */,
				D50A344A1BB99125003069DE /* LaunchScreen.storyboard */,
				D50A344D1BB99125003069DE /* Info.plist */,
			);
			path = Calculator;
			sourceTree = "<group>";
		};
		D50A34551BB99125003069DE /* CalculatorTests */ = {
			isa = PBXGroup;
			children = (
				D50A34561BB99125003069DE /* CalculatorTests.swift */,
				D50A34581BB99125003069DE /* Info.plist */,
			);
			path = CalculatorTests;
			sourceTree = "<group>";
		};
		D50A34601BB99125003069DE /* CalculatorUITests */ = {
			isa = PBXGroup;
			children = (
				D50A34611BB99125003069DE /* CalculatorUITests.swift */,
				D50A34631BB99125003069DE /* Info.plist */,
			);
			path = CalculatorUITests;
			sourceTree = "<group>";
		};
/* End PBXGroup section */

/* Begin PBXNativeTarget section */
		D50A343D1BB99125003069DE /* Calculator */ = {
			isa = PBXNativeTarget;
			buildConfigurationList = D50A34661BB99125003069DE /* Build configuration list for PBXNativeTarget "Calculator" */;
			buildPhases = (
				D50A343A1BB99125003069DE /* Sources */,
				D50A343B1BB99125003069DE /* Frameworks */,
				D50A343C1BB99125003069DE /* Resources */,
			);
			buildRules = (
			);
			dependencies = (
			);
			name = Calculator;
			productName = Calculator;
			productReference = D50A343E1BB99125003069DE /* Calculator.app */;
			productType = "com.apple.product-type.application";
		};
		D50A34511BB99125003069DE /* CalculatorTests */ = {
			isa = PBXNativeTarget;
			buildConfigurationList = D50A34691BB99125003069DE /* Build configuration list for PBXNativeTarget "CalculatorTests" */;
			buildPhases = (
				D50A344E1BB99125003069DE /* Sources */,
				D50A344F1BB99125003069DE /* Frameworks */,
				D50A34501BB99125003069DE /* Resources */,
			);
			buildRules = (
			);
			dependencies = (
				D50A34541BB99125003069DE /* PBXTargetDependency */,
			);
			name = CalculatorTests;
			productName = CalculatorTests;
			productReference = D50A34521BB99125003069DE /* CalculatorTests.xctest */;
			productType = "com.apple.product-type.bundle.unit-test";
		};
		D50A345C1BB99125003069DE /* CalculatorUITests */ = {
			isa = PBXNativeTarget;
			buildConfigurationList = D50A346C1BB99125003069DE /* Build configuration list for PBXNativeTarget "CalculatorUITests" */;
			buildPhases = (
				D50A34591BB99125003069DE /* Sources */,
				D50A345A1BB99125003069DE /* Frameworks */,
				D50A345B1BB99125003069DE /* Resources */,
			);
			buildRules = (
			);
			dependencies = (
				D50A345F1BB99125003069DE /* PBXTargetDependency */,
			);
			name = CalculatorUITests;
			productName = CalculatorUITests;
			productReference = D50A345D1BB99125003069DE /* CalculatorUITests.xctest */;
			productType = "com.apple.product-type.bundle.ui-testing";
		};
/* End PBXNativeTarget section */

/* Begin PBXProject section */
		D50A34361BB99125003069DE /* Project object */ = {
			isa = PBXProject;
			attributes = {
				LastUpgradeCheck = 0710;
				ORGANIZATIONNAME = "Angela Don";
				TargetAttributes = {
					D50A343D1BB99125003069DE = {
						CreatedOnToolsVersion = 7.1;
					};
					D50A34511BB99125003069DE = {
						CreatedOnToolsVersion = 7.1;
						TestTargetID = D50A343D1BB99125003069DE;
					};
					D50A345C1BB99125003069DE = {
						CreatedOnToolsVersion = 7.1;
						TestTargetID = D50A343D1BB99125003069DE;
					};
				};
			};
			buildConfigurationList = D50A34391BB99125003069DE /* Build configuration list for PBXProject "Calculator" */;
			compatibilityVersion = "Xcode 3.2";
			developmentRegion = English;
			hasScannedForEncodings = 0;
			knownRegions = (
				en,
				Base,
			);
			mainGroup = D50A34351BB99125003069DE;
			productRefGroup = D50A343F1BB99125003069DE /* Products */;
			projectDirPath = "";
			projectRoot = "";
			targets = (
				D50A343D1BB99125003069DE /* Calculator */,
				D50A34511BB99125003069DE /* CalculatorTests */,
				D50A345C1BB99125003069DE /* CalculatorUITests */,
			);
		};
/* End PBXProject section */

/* Begin PBXResourcesBuildPhase section */
		D50A343C1BB99125003069DE /* Resources */ = {
			isa = PBXResourcesBuildPhase;
			buildActionMask = 2147483647;
			files = (
				D50A344C1BB99125003069DE /* LaunchScreen.storyboard in Resources */,
				D50A34491BB99125003069DE /* Assets.xcassets in Resources */,
				D50A34471BB99125003069DE /* Main.storyboard in Resources */,
			);
			runOnlyForDeploymentPostprocessing = 0;
		};
		D50A34501BB99125003069DE /* Resources */ = {
			isa = PBXResourcesBuildPhase;
			buildActionMask = 2147483647;
			files = (
			);
			runOnlyForDeploymentPostprocessing = 0;
		};
		D50A345B1BB99125003069DE /* Resources */ = {
			isa = PBXResourcesBuildPhase;
			buildActionMask = 2147483647;
			files = (
			);
			runOnlyForDeploymentPostprocessing = 0;
		};
/* End PBXResourcesBuildPhase section */

/* Begin PBXSourcesBuildPhase section */
		D50A343A1BB99125003069DE /* Sources */ = {
			isa = PBXSourcesBuildPhase;
			buildActionMask = 2147483647;
			files = (
				D50A34441BB99125003069DE /* ViewController.swift in Sources */,
				D50A34421BB99125003069DE /* AppDelegate.swift in Sources */,
			);
			runOnlyForDeploymentPostprocessing = 0;
		};
		D50A344E1BB99125003069DE /* Sources */ = {
			isa = PBXSourcesBuildPhase;
			buildActionMask = 2147483647;
			files = (
				D50A34571BB99125003069DE /* CalculatorTests.swift in Sources */,
			);
			runOnlyForDeploymentPostprocessing = 0;
		};
		D50A34591BB99125003069DE /* Sources */ = {
			isa = PBXSourcesBuildPhase;
			buildActionMask = 2147483647;
			files = (
				D50A34621BB99125003069DE /* CalculatorUITests.swift in Sources */,
			);
			runOnlyForDeploymentPostprocessing = 0;
		};
/* End PBXSourcesBuildPhase section */

/* Begin PBXTargetDependency section */
		D50A34541BB99125003069DE /* PBXTargetDependency */ = {
			isa = PBXTargetDependency;
			target = D50A343D1BB99125003069DE /* Calculator */;
			targetProxy = D50A34531BB99125003069DE /* PBXContainerItemProxy */;
		};
		D50A345F1BB99125003069DE /* PBXTargetDependency */ = {
			isa = PBXTargetDependency;
			target = D50A343D1BB99125003069DE /* Calculator */;
			targetProxy = D50A345E1BB99125003069DE /* PBXContainerItemProxy */;
		};
/* End PBXTargetDependency section */

/* Begin PBXVariantGroup section */
		D50A34451BB99125003069DE /* Main.storyboard */ = {
			isa = PBXVariantGroup;
			children = (
				D50A34461BB99125003069DE /* Base */,
			);
			name = Main.storyboard;
			sourceTree = "<group>";
		};
		D50A344A1BB99125003069DE /* LaunchScreen.storyboard */ = {
			isa = PBXVariantGroup;
			children = (
				D50A344B1BB99125003069DE /* Base */,
			);
			name = LaunchScreen.storyboard;
			sourceTree = "<group>";
		};
/* End PBXVariantGroup section */

/* Begin XCBuildConfiguration section */
		D50A34641BB99125003069DE /* Debug */ = {
			isa = XCBuildConfiguration;
			buildSettings = {
				ALWAYS_SEARCH_USER_PATHS = NO;
				CLANG_CXX_LANGUAGE_STANDARD = "gnu++0x";
				CLANG_CXX_LIBRARY = "libc++";
				CLANG_ENABLE_MODULES = YES;
				CLANG_ENABLE_OBJC_ARC = YES;
				CLANG_WARN_BOOL_CONVERSION = YES;
				CLANG_WARN_CONSTANT_CONVERSION = YES;
				CLANG_WARN_DIRECT_OBJC_ISA_USAGE = YES_ERROR;
				CLANG_WARN_EMPTY_BODY = YES;
				CLANG_WARN_ENUM_CONVERSION = YES;
				CLANG_WARN_INT_CONVERSION = YES;
				CLANG_WARN_OBJC_ROOT_CLASS = YES_ERROR;
				CLANG_WARN_UNREACHABLE_CODE = YES;
				CLANG_WARN__DUPLICATE_METHOD_MATCH = YES;
				"CODE_SIGN_IDENTITY[sdk=iphoneos*]" = "iPhone Developer";
				COPY_PHASE_STRIP = NO;
				DEBUG_INFORMATION_FORMAT = dwarf;
				ENABLE_STRICT_OBJC_MSGSEND = YES;
				ENABLE_TESTABILITY = YES;
				GCC_C_LANGUAGE_STANDARD = gnu99;
				GCC_DYNAMIC_NO_PIC = NO;
				GCC_NO_COMMON_BLOCKS = YES;
				GCC_OPTIMIZATION_LEVEL = 0;
				GCC_PREPROCESSOR_DEFINITIONS = (
					"DEBUG=1",
					"$(inherited)",
				);
				GCC_WARN_64_TO_32_BIT_CONVERSION = YES;
				GCC_WARN_ABOUT_RETURN_TYPE = YES_ERROR;
				GCC_WARN_UNDECLARED_SELECTOR = YES;
				GCC_WARN_UNINITIALIZED_AUTOS = YES_AGGRESSIVE;
				GCC_WARN_UNUSED_FUNCTION = YES;
				GCC_WARN_UNUSED_VARIABLE = YES;
				IPHONEOS_DEPLOYMENT_TARGET = 9.1;
				MTL_ENABLE_DEBUG_INFO = YES;
				ONLY_ACTIVE_ARCH = YES;
				SDKROOT = iphoneos;
				SWIFT_OPTIMIZATION_LEVEL = "-Onone";
				TARGETED_DEVICE_FAMILY = "1,2";
			};
			name = Debug;
		};
		D50A34651BB99125003069DE /* Release */ = {
			isa = XCBuildConfiguration;
			buildSettings = {
				ALWAYS_SEARCH_USER_PATHS = NO;
				CLANG_CXX_LANGUAGE_STANDARD = "gnu++0x";
				CLANG_CXX_LIBRARY = "libc++";
				CLANG_ENABLE_MODULES = YES;
				CLANG_ENABLE_OBJC_ARC = YES;
				CLANG_WARN_BOOL_CONVERSION = YES;
				CLANG_WARN_CONSTANT_CONVERSION = YES;
				CLANG_WARN_DIRECT_OBJC_ISA_USAGE = YES_ERROR;
				CLANG_WARN_EMPTY_BODY = YES;
				CLANG_WARN_ENUM_CONVERSION = YES;
				CLANG_WARN_INT_CONVERSION = YES;
				CLANG_WARN_OBJC_ROOT_CLASS = YES_ERROR;
				CLANG_WARN_UNREACHABLE_CODE = YES;
				CLANG_WARN__DUPLICATE_METHOD_MATCH = YES;
				"CODE_SIGN_IDENTITY[sdk=iphoneos*]" = "iPhone Developer";
				COPY_PHASE_STRIP = NO;
				DEBUG_INFORMATION_FORMAT = "dwarf-with-dsym";
				ENABLE_NS_ASSERTIONS = NO;
				ENABLE_STRICT_OBJC_MSGSEND = YES;
				GCC_C_LANGUAGE_STANDARD = gnu99;
				GCC_NO_COMMON_BLOCKS = YES;
				GCC_WARN_64_TO_32_BIT_CONVERSION = YES;
				GCC_WARN_ABOUT_RETURN_TYPE = YES_ERROR;
				GCC_WARN_UNDECLARED_SELECTOR = YES;
				GCC_WARN_UNINITIALIZED_AUTOS = YES_AGGRESSIVE;
				GCC_WARN_UNUSED_FUNCTION = YES;
				GCC_WARN_UNUSED_VARIABLE = YES;
				IPHONEOS_DEPLOYMENT_TARGET = 9.1;
				MTL_ENABLE_DEBUG_INFO = NO;
				SDKROOT = iphoneos;
				TARGETED_DEVICE_FAMILY = "1,2";
				VALIDATE_PRODUCT = YES;
			};
			name = Release;
		};
		D50A34671BB99125003069DE /* Debug */ = {
			isa = XCBuildConfiguration;
			buildSettings = {
				ASSETCATALOG_COMPILER_APPICON_NAME = AppIcon;
				INFOPLIST_FILE = Calculator/Info.plist;
				LD_RUNPATH_SEARCH_PATHS = "$(inherited) @executable_path/Frameworks";
				PRODUCT_BUNDLE_IDENTIFIER = io.angeladon.Calculator;
				PRODUCT_NAME = "$(TARGET_NAME)";
			};
			name = Debug;
		};
		D50A34681BB99125003069DE /* Release */ = {
			isa = XCBuildConfiguration;
			buildSettings = {
				ASSETCATALOG_COMPILER_APPICON_NAME = AppIcon;
				INFOPLIST_FILE = Calculator/Info.plist;
				LD_RUNPATH_SEARCH_PATHS = "$(inherited) @executable_path/Frameworks";
				PRODUCT_BUNDLE_IDENTIFIER = io.angeladon.Calculator;
				PRODUCT_NAME = "$(TARGET_NAME)";
			};
			name = Release;
		};
		D50A346A1BB99125003069DE /* Debug */ = {
			isa = XCBuildConfiguration;
			buildSettings = {
				BUNDLE_LOADER = "$(TEST_HOST)";
				INFOPLIST_FILE = CalculatorTests/Info.plist;
				LD_RUNPATH_SEARCH_PATHS = "$(inherited) @executable_path/Frameworks @loader_path/Frameworks";
				PRODUCT_BUNDLE_IDENTIFIER = io.angeladon.CalculatorTests;
				PRODUCT_NAME = "$(TARGET_NAME)";
				TEST_HOST = "$(BUILT_PRODUCTS_DIR)/Calculator.app/Calculator";
			};
			name = Debug;
		};
		D50A346B1BB99125003069DE /* Release */ = {
			isa = XCBuildConfiguration;
			buildSettings = {
				BUNDLE_LOADER = "$(TEST_HOST)";
				INFOPLIST_FILE = CalculatorTests/Info.plist;
				LD_RUNPATH_SEARCH_PATHS = "$(inherited) @executable_path/Frameworks @loader_path/Frameworks";
				PRODUCT_BUNDLE_IDENTIFIER = io.angeladon.CalculatorTests;
				PRODUCT_NAME = "$(TARGET_NAME)";
				TEST_HOST = "$(BUILT_PRODUCTS_DIR)/Calculator.app/Calculator";
			};
			name = Release;
		};
		D50A346D1BB99125003069DE /* Debug */ = {
			isa = XCBuildConfiguration;
			buildSettings = {
				INFOPLIST_FILE = CalculatorUITests/Info.plist;
				LD_RUNPATH_SEARCH_PATHS = "$(inherited) @executable_path/Frameworks @loader_path/Frameworks";
				PRODUCT_BUNDLE_IDENTIFIER = io.angeladon.CalculatorUITests;
				PRODUCT_NAME = "$(TARGET_NAME)";
				TEST_TARGET_NAME = Calculator;
				USES_XCTRUNNER = YES;
			};
			name = Debug;
		};
		D50A346E1BB99125003069DE /* Release */ = {
			isa = XCBuildConfiguration;
			buildSettings = {
				INFOPLIST_FILE = CalculatorUITests/Info.plist;
				LD_RUNPATH_SEARCH_PATHS = "$(inherited) @executable_path/Frameworks @loader_path/Frameworks";
				PRODUCT_BUNDLE_IDENTIFIER = io.angeladon.CalculatorUITests;
				PRODUCT_NAME = "$(TARGET_NAME)";
				TEST_TARGET_NAME = Calculator;
				USES_XCTRUNNER = YES;
			};
			name = Release;
		};
/* End XCBuildConfiguration section */

/* Begin XCConfigurationList section */
		D50A34391BB99125003069DE /* Build configuration list for PBXProject "Calculator" */ = {
			isa = XCConfigurationList;
			buildConfigurations = (
				D50A34641BB99125003069DE /* Debug */,
				D50A34651BB99125003069DE /* Release */,
			);
			defaultConfigurationIsVisible = 0;
			defaultConfigurationName = Release;
		};
		D50A34661BB99125003069DE /* Build configuration list for PBXNativeTarget "Calculator" */ = {
			isa = XCConfigurationList;
			buildConfigurations = (
				D50A34671BB99125003069DE /* Debug */,
				D50A34681BB99125003069DE /* Release */,
			);
			defaultConfigurationIsVisible = 0;
		};
		D50A34691BB99125003069DE /* Build configuration list for PBXNativeTarget "CalculatorTests" */ = {
			isa = XCConfigurationList;
			buildConfigurations = (
				D50A346A1BB99125003069DE /* Debug */,
				D50A346B1BB99125003069DE /* Release */,
			);
			defaultConfigurationIsVisible = 0;
		};
		D50A346C1BB99125003069DE /* Build configuration list for PBXNativeTarget "CalculatorUITests" */ = {
			isa = XCConfigurationList;
			buildConfigurations = (
				D50A346D1BB99125003069DE /* Debug */,
				D50A346E1BB99125003069DE /* Release */,
			);
			defaultConfigurationIsVisible = 0;
		};
/* End XCConfigurationList section */
	};
	rootObject = D50A34361BB99125003069DE /* Project object */;
}
